
Microsoft Visual Studio Solution File, Format Version 12.00
# Visual Studio 15
VisualStudioVersion = 15.0.28307.421
MinimumVisualStudioVersion = 10.0.40219.1
Project("{FAE04EC0-301F-11D3-BF4B-00C04F79EFBC}") = "statements-control", "statements-control\statements-control.csproj", "{77C7C2A4-EA04-4A3E-9127-8D3F5D31D96C}"
EndProject
Project("{FAE04EC0-301F-11D3-BF4B-00C04F79EFBC}") = "Library", "Library\Library.csproj", "{BBD5EFBB-56E8-429F-B29E-60DDF2DB0E34}"
EndProject
Global
	GlobalSection(SolutionConfigurationPlatforms) = preSolution
		Debug|Any CPU = Debug|Any CPU
		Release|Any CPU = Release|Any CPU
	EndGlobalSection
	GlobalSection(ProjectConfigurationPlatforms) = postSolution
		{77C7C2A4-EA04-4A3E-9127-8D3F5D31D96C}.Debug|Any CPU.ActiveCfg = Debug|Any CPU
		{77C7C2A4-EA04-4A3E-9127-8D3F5D31D96C}.Debug|Any CPU.Build.0 = Debug|Any CPU
		{77C7C2A4-EA04-4A3E-9127-8D3F5D31D96C}.Release|Any CPU.ActiveCfg = Release|Any CPU
		{77C7C2A4-EA04-4A3E-9127-8D3F5D31D96C}.Release|Any CPU.Build.0 = Release|Any CPU
		{BBD5EFBB-56E8-429F-B29E-60DDF2DB0E34}.Debug|Any CPU.ActiveCfg = Debug|Any CPU
		{BBD5EFBB-56E8-429F-B29E-60DDF2DB0E34}.Debug|Any CPU.Build.0 = Debug|Any CPU
		{BBD5EFBB-56E8-429F-B29E-60DDF2DB0E34}.Release|Any CPU.ActiveCfg = Release|Any CPU
		{BBD5EFBB-56E8-429F-B29E-60DDF2DB0E34}.Release|Any CPU.Build.0 = Release|Any CPU
	EndGlobalSection
	GlobalSection(SolutionProperties) = preSolution
		HideSolutionNode = FALSE
	EndGlobalSection
	GlobalSection(ExtensibilityGlobals) = postSolution
		SolutionGuid = {A88086F6-E4A0-4008-B565-E23F1D75D55F}
	EndGlobalSection
EndGlobal
